
Microsoft Visual Studio Solution File, Format Version 12.00
# Visual Studio Version 17
VisualStudioVersion = 17.8.34525.116
MinimumVisualStudioVersion = 10.0.40219.1
Project("{FAE04EC0-301F-11D3-BF4B-00C04F79EFBC}") = "ConsoleAppMedia", "ConsoleAppMedia\ConsoleAppMedia.csproj", "{36ECB8B4-4622-4958-86CD-1BD02C37E1EC}"
EndProject
Global
	GlobalSection(SolutionConfigurationPlatforms) = preSolution
		Debug|Any CPU = Debug|Any CPU
		Release|Any CPU = Release|Any CPU
	EndGlobalSection
	GlobalSection(ProjectConfigurationPlatforms) = postSolution
		{36ECB8B4-4622-4958-86CD-1BD02C37E1EC}.Debug|Any CPU.ActiveCfg = Debug|Any CPU
		{36ECB8B4-4622-4958-86CD-1BD02C37E1EC}.Debug|Any CPU.Build.0 = Debug|Any CPU
		{36ECB8B4-4622-4958-86CD-1BD02C37E1EC}.Release|Any CPU.ActiveCfg = Release|Any CPU
		{36ECB8B4-4622-4958-86CD-1BD02C37E1EC}.Release|Any CPU.Build.0 = Release|Any CPU
	EndGlobalSection
	GlobalSection(SolutionProperties) = preSolution
		HideSolutionNode = FALSE
	EndGlobalSection
	GlobalSection(ExtensibilityGlobals) = postSolution
		SolutionGuid = {E43900FE-9022-408A-94C0-F323169DD77E}
	EndGlobalSection
EndGlobal
